
Microsoft Visual Studio Solution File, Format Version 12.00
# Visual Studio 15
Project("{FAE04EC0-301F-11D3-BF4B-00C04F79EFBC}") = "Assembly-CSharp", "Assembly-CSharp.csproj", "{815BBF5B-062E-98BB-33D4-22AB7213490A}"
EndProject
Global
	GlobalSection(SolutionConfigurationPlatforms) = preSolution
		Debug|Any CPU = Debug|Any CPU
		Release|Any CPU = Release|Any CPU
	EndGlobalSection
	GlobalSection(ProjectConfigurationPlatforms) = postSolution
		{815BBF5B-062E-98BB-33D4-22AB7213490A}.Debug|Any CPU.ActiveCfg = Debug|Any CPU
		{815BBF5B-062E-98BB-33D4-22AB7213490A}.Debug|Any CPU.Build.0 = Debug|Any CPU
		{815BBF5B-062E-98BB-33D4-22AB7213490A}.Release|Any CPU.ActiveCfg = Release|Any CPU
		{815BBF5B-062E-98BB-33D4-22AB7213490A}.Release|Any CPU.Build.0 = Release|Any CPU
	EndGlobalSection
	GlobalSection(SolutionProperties) = preSolution
		HideSolutionNode = FALSE
	EndGlobalSection
EndGlobal
